
Microsoft Visual Studio Solution File, Format Version 12.00
# Visual Studio Version 17
VisualStudioVersion = 17.0.31903.59
MinimumVisualStudioVersion = 10.0.40219.1
Project("{FAE04EC0-301F-11D3-BF4B-00C04F79EFBC}") = "FightEngine", "FightEngine\FightEngine.csproj", "{856CF302-3014-4E8F-B577-79F1813298BF}"
EndProject
Project("{FAE04EC0-301F-11D3-BF4B-00C04F79EFBC}") = "FightEngine.Tests", "FightEngine.Tests\FightEngine.Tests.csproj", "{CFCCB446-ED2A-4CBE-BE4B-081D75344C2F}"
EndProject
Project("{FAE04EC0-301F-11D3-BF4B-00C04F79EFBC}") = "SidecarHost", "SidecarHost\SidecarHost.csproj", "{63852923-0A0E-40F9-85EA-E6E205A242A7}"
EndProject
Project("{FAE04EC0-301F-11D3-BF4B-00C04F79EFBC}") = "SidecarHost.Tests", "SidecarHost.Tests\SidecarHost.Tests.csproj", "{63C48C2E-3AB1-468D-81EF-09CB24586675}"
EndProject
Global
	GlobalSection(SolutionConfigurationPlatforms) = preSolution
		Debug|Any CPU = Debug|Any CPU
		Debug|x64 = Debug|x64
		Debug|x86 = Debug|x86
		Release|Any CPU = Release|Any CPU
		Release|x64 = Release|x64
		Release|x86 = Release|x86
	EndGlobalSection
	GlobalSection(ProjectConfigurationPlatforms) = postSolution
		{856CF302-3014-4E8F-B577-79F1813298BF}.Debug|Any CPU.ActiveCfg = Debug|Any CPU
		{856CF302-3014-4E8F-B577-79F1813298BF}.Debug|Any CPU.Build.0 = Debug|Any CPU
		{856CF302-3014-4E8F-B577-79F1813298BF}.Debug|x64.ActiveCfg = Debug|Any CPU
		{856CF302-3014-4E8F-B577-79F1813298BF}.Debug|x64.Build.0 = Debug|Any CPU
		{856CF302-3014-4E8F-B577-79F1813298BF}.Debug|x86.ActiveCfg = Debug|Any CPU
		{856CF302-3014-4E8F-B577-79F1813298BF}.Debug|x86.Build.0 = Debug|Any CPU
		{856CF302-3014-4E8F-B577-79F1813298BF}.Release|Any CPU.ActiveCfg = Release|Any CPU
		{856CF302-3014-4E8F-B577-79F1813298BF}.Release|Any CPU.Build.0 = Release|Any CPU
		{856CF302-3014-4E8F-B577-79F1813298BF}.Release|x64.ActiveCfg = Release|Any CPU
		{856CF302-3014-4E8F-B577-79F1813298BF}.Release|x64.Build.0 = Release|Any CPU
		{856CF302-3014-4E8F-B577-79F1813298BF}.Release|x86.ActiveCfg = Release|Any CPU
		{856CF302-3014-4E8F-B577-79F1813298BF}.Release|x86.Build.0 = Release|Any CPU
		{CFCCB446-ED2A-4CBE-BE4B-081D75344C2F}.Debug|Any CPU.ActiveCfg = Debug|Any CPU
		{CFCCB446-ED2A-4CBE-BE4B-081D75344C2F}.Debug|Any CPU.Build.0 = Debug|Any CPU
		{CFCCB446-ED2A-4CBE-BE4B-081D75344C2F}.Debug|x64.ActiveCfg = Debug|Any CPU
		{CFCCB446-ED2A-4CBE-BE4B-081D75344C2F}.Debug|x64.Build.0 = Debug|Any CPU
		{CFCCB446-ED2A-4CBE-BE4B-081D75344C2F}.Debug|x86.ActiveCfg = Debug|Any CPU
		{CFCCB446-ED2A-4CBE-BE4B-081D75344C2F}.Debug|x86.Build.0 = Debug|Any CPU
		{CFCCB446-ED2A-4CBE-BE4B-081D75344C2F}.Release|Any CPU.ActiveCfg = Release|Any CPU
		{CFCCB446-ED2A-4CBE-BE4B-081D75344C2F}.Release|Any CPU.Build.0 = Release|Any CPU
		{CFCCB446-ED2A-4CBE-BE4B-081D75344C2F}.Release|x64.ActiveCfg = Release|Any CPU
		{CFCCB446-ED2A-4CBE-BE4B-081D75344C2F}.Release|x64.Build.0 = Release|Any CPU
		{CFCCB446-ED2A-4CBE-BE4B-081D75344C2F}.Release|x86.ActiveCfg = Release|Any CPU
		{CFCCB446-ED2A-4CBE-BE4B-081D75344C2F}.Release|x86.Build.0 = Release|Any CPU
		{63852923-0A0E-40F9-85EA-E6E205A242A7}.Debug|Any CPU.ActiveCfg = Debug|Any CPU
		{63852923-0A0E-40F9-85EA-E6E205A242A7}.Debug|Any CPU.Build.0 = Debug|Any CPU
		{63852923-0A0E-40F9-85EA-E6E205A242A7}.Debug|x64.ActiveCfg = Debug|Any CPU
		{63852923-0A0E-40F9-85EA-E6E205A242A7}.Debug|x64.Build.0 = Debug|Any CPU
		{63852923-0A0E-40F9-85EA-E6E205A242A7}.Debug|x86.ActiveCfg = Debug|Any CPU
		{63852923-0A0E-40F9-85EA-E6E205A242A7}.Debug|x86.Build.0 = Debug|Any CPU
		{63852923-0A0E-40F9-85EA-E6E205A242A7}.Release|Any CPU.ActiveCfg = Release|Any CPU
		{63852923-0A0E-40F9-85EA-E6E205A242A7}.Release|Any CPU.Build.0 = Release|Any CPU
		{63852923-0A0E-40F9-85EA-E6E205A242A7}.Release|x64.ActiveCfg = Release|Any CPU
		{63852923-0A0E-40F9-85EA-E6E205A242A7}.Release|x64.Build.0 = Release|Any CPU
		{63852923-0A0E-40F9-85EA-E6E205A242A7}.Release|x86.ActiveCfg = Release|Any CPU
		{63852923-0A0E-40F9-85EA-E6E205A242A7}.Release|x86.Build.0 = Release|Any CPU
		{63C48C2E-3AB1-468D-81EF-09CB24586675}.Debug|Any CPU.ActiveCfg = Debug|Any CPU
		{63C48C2E-3AB1-468D-81EF-09CB24586675}.Debug|Any CPU.Build.0 = Debug|Any CPU
		{63C48C2E-3AB1-468D-81EF-09CB24586675}.Debug|x64.ActiveCfg = Debug|Any CPU
		{63C48C2E-3AB1-468D-81EF-09CB24586675}.Debug|x64.Build.0 = Debug|Any CPU
		{63C48C2E-3AB1-468D-81EF-09CB24586675}.Debug|x86.ActiveCfg = Debug|Any CPU
		{63C48C2E-3AB1-468D-81EF-09CB24586675}.Debug|x86.Build.0 = Debug|Any CPU
		{63C48C2E-3AB1-468D-81EF-09CB24586675}.Release|Any CPU.ActiveCfg = Release|Any CPU
		{63C48C2E-3AB1-468D-81EF-09CB24586675}.Release|Any CPU.Build.0 = Release|Any CPU
		{63C48C2E-3AB1-468D-81EF-09CB24586675}.Release|x64.ActiveCfg = Release|Any CPU
		{63C48C2E-3AB1-468D-81EF-09CB24586675}.Release|x64.Build.0 = Release|Any CPU
		{63C48C2E-3AB1-468D-81EF-09CB24586675}.Release|x86.ActiveCfg = Release|Any CPU
		{63C48C2E-3AB1-468D-81EF-09CB24586675}.Release|x86.Build.0 = Release|Any CPU
	EndGlobalSection
	GlobalSection(SolutionProperties) = preSolution
		HideSolutionNode = FALSE
	EndGlobalSection
EndGlobal
